
Microsoft Visual Studio Solution File, Format Version 12.00
# Visual Studio Version 17
VisualStudioVersion = 17.8.34330.188
MinimumVisualStudioVersion = 10.0.40219.1
Project("{FAE04EC0-301F-11D3-BF4B-00C04F79EFBC}") = "MoviesAPI", "MoviesAPI\MoviesAPI.csproj", "{DBF574C9-AACC-49F3-A68C-492DD1ADF574}"
EndProject
Global
	GlobalSection(SolutionConfigurationPlatforms) = preSolution
		Debug|Any CPU = Debug|Any CPU
		Release|Any CPU = Release|Any CPU
	EndGlobalSection
	GlobalSection(ProjectConfigurationPlatforms) = postSolution
		{DBF574C9-AACC-49F3-A68C-492DD1ADF574}.Debug|Any CPU.ActiveCfg = Debug|Any CPU
		{DBF574C9-AACC-49F3-A68C-492DD1ADF574}.Debug|Any CPU.Build.0 = Debug|Any CPU
		{DBF574C9-AACC-49F3-A68C-492DD1ADF574}.Release|Any CPU.ActiveCfg = Release|Any CPU
		{DBF574C9-AACC-49F3-A68C-492DD1ADF574}.Release|Any CPU.Build.0 = Release|Any CPU
	EndGlobalSection
	GlobalSection(SolutionProperties) = preSolution
		HideSolutionNode = FALSE
	EndGlobalSection
	GlobalSection(ExtensibilityGlobals) = postSolution
		SolutionGuid = {24087F4D-86BA-4C01-9F72-ACDA30301148}
	EndGlobalSection
EndGlobal
